{
  "name": "plaid-pad-build-guide",
  "version": "1.0.0",
  "lockfileVersion": 2,
  "requires": true,
  "packages": {
    "": {
      "name": "plaid-pad-build-guide",
      "version": "1.0.0",
      "license": "ISC",
      "devDependencies": {
        "markdown-link-check": "^3.9.0"
      }
    },
    "node_modules/ansi-styles": {
      "version": "4.3.0",
      "resolved": "https://registry.npmjs.org/ansi-styles/-/ansi-styles-4.3.0.tgz",
      "integrity": "sha512-zbB9rCJAT1rbjiVDb2hqKFHNYLxgtk8NURxZ3IZwD3F6NtxbXZQCnnSi1Lkx+IDohdPlFp222wVALIheZJQSEg==",
      "dev": true,
      "dependencies": {
        "color-convert": "^2.0.1"
      },
      "engines": {
        "node": ">=8"
      },
      "funding": {
        "url": "https://github.com/chalk/ansi-styles?sponsor=1"
      }
    },
    "node_modules/async": {
      "version": "3.2.2",
      "resolved": "https://registry.npmjs.org/async/-/async-3.2.2.tgz",
      "integrity": "sha512-H0E+qZaDEfx/FY4t7iLRv1W2fFI6+pyCeTw1uN20AQPiwqwM6ojPxHxdLv4z8hi2DtnW9BOckSspLucW7pIE5g==",
      "dev": true
    },
    "node_modules/chalk": {
      "version": "4.1.2",
      "resolved": "https://registry.npmjs.org/chalk/-/chalk-4.1.2.tgz",
      "integrity": "sha512-oKnbhFyRIXpUuez8iBMmyEa4nbj4IOQyuhc/wy9kY7/WVPcwIO9VA668Pu8RkO7+0G76SLROeyw9CpQ061i4mA==",
      "dev": true,
      "dependencies": {
        "ansi-styles": "^4.1.0",
        "supports-color": "^7.1.0"
      },
      "engines": {
        "node": ">=10"
      },
      "funding": {
        "url": "https://github.com/chalk/chalk?sponsor=1"
      }
    },
    "node_modules/color-convert": {
      "version": "2.0.1",
      "resolved": "https://registry.npmjs.org/color-convert/-/color-convert-2.0.1.tgz",
      "integrity": "sha512-RRECPsj7iu/xb5oKYcsFHSppFNnsj/52OVTRKb4zP5onXwVF3zVmmToNcOfGC+CRDpfK/U584fMg38ZHCaElKQ==",
      "dev": true,
      "dependencies": {
        "color-name": "~1.1.4"
      },
      "engines": {
        "node": ">=7.0.0"
      }
    },
    "node_modules/color-name": {
      "version": "1.1.4",
      "resolved": "https://registry.npmjs.org/color-name/-/color-name-1.1.4.tgz",
      "integrity": "sha512-dOy+3AuW3a2wNbZHIuMZpTcgjGuLU/uBL/ubcZF9OXbDo8ff4O8yVp5Bf0efS8uEoYo5q4Fx7dY9OgQGXgAsQA==",
      "dev": true
    },
    "node_modules/commander": {
      "version": "6.2.1",
      "resolved": "https://registry.npmjs.org/commander/-/commander-6.2.1.tgz",
      "integrity": "sha512-U7VdrJFnJgo4xjrHpTzu0yrHPGImdsmD95ZlgYSEajAn2JKzDhDTPG9kBTefmObL2w/ngeZnilk+OV9CG3d7UA==",
      "dev": true,
      "engines": {
        "node": ">= 6"
      }
    },
    "node_modules/debug": {
      "version": "3.2.7",
      "resolved": "https://registry.npmjs.org/debug/-/debug-3.2.7.tgz",
      "integrity": "sha512-CFjzYYAi4ThfiQvizrFQevTTXHtnCqWfe7x1AhgEscTz6ZbLbfoLRLPugTQyBth6f8ZERVUSyWHFD/7Wu4t1XQ==",
      "dev": true,
      "dependencies": {
        "ms": "^2.1.1"
      }
    },
    "node_modules/has-flag": {
      "version": "4.0.0",
      "resolved": "https://registry.npmjs.org/has-flag/-/has-flag-4.0.0.tgz",
      "integrity": "sha512-EykJT/Q1KjTWctppgIAgfSO0tKVuZUjhgMr17kqTumMl6Afv3EISleU7qZUzoXDFTAHTDC4NOoG/ZxU3EvlMPQ==",
      "dev": true,
      "engines": {
        "node": ">=8"
      }
    },
    "node_modules/iconv-lite": {
      "version": "0.4.24",
      "resolved": "https://registry.npmjs.org/iconv-lite/-/iconv-lite-0.4.24.tgz",
      "integrity": "sha512-v3MXnZAcvnywkTUEZomIActle7RXXeedOR31wwl7VlyoXO4Qi9arvSenNQWne1TcRwhCL1HwLI21bEqdpj8/rA==",
      "dev": true,
      "dependencies": {
        "safer-buffer": ">= 2.1.2 < 3"
      },
      "engines": {
        "node": ">=0.10.0"
      }
    },
    "node_modules/is-absolute-url": {
      "version": "3.0.3",
      "resolved": "https://registry.npmjs.org/is-absolute-url/-/is-absolute-url-3.0.3.tgz",
      "integrity": "sha512-opmNIX7uFnS96NtPmhWQgQx6/NYFgsUXYMllcfzwWKUMwfo8kku1TvE6hkNcH+Q1ts5cMVrsY7j0bxXQDciu9Q==",
      "dev": true,
      "engines": {
        "node": ">=8"
      }
    },
    "node_modules/is-relative-url": {
      "version": "3.0.0",
      "resolved": "https://registry.npmjs.org/is-relative-url/-/is-relative-url-3.0.0.tgz",
      "integrity": "sha512-U1iSYRlY2GIMGuZx7gezlB5dp1Kheaym7zKzO1PV06mOihiWTXejLwm4poEJysPyXF+HtK/BEd0DVlcCh30pEA==",
      "dev": true,
      "dependencies": {
        "is-absolute-url": "^3.0.0"
      },
      "engines": {
        "node": ">=8"
      }
    },
    "node_modules/isemail": {
      "version": "3.2.0",
      "resolved": "https://registry.npmjs.org/isemail/-/isemail-3.2.0.tgz",
      "integrity": "sha512-zKqkK+O+dGqevc93KNsbZ/TqTUFd46MwWjYOoMrjIMZ51eU7DtQG3Wmd9SQQT7i7RVnuTPEiYEWHU3MSbxC1Tg==",
      "dev": true,
      "dependencies": {
        "punycode": "2.x.x"
      },
      "engines": {
        "node": ">=4.0.0"
      }
    },
    "node_modules/link-check": {
      "version": "5.0.1",
      "resolved": "https://registry.npmjs.org/link-check/-/link-check-5.0.1.tgz",
      "integrity": "sha512-SAPnWm0XYp6cke1ho9DieUJGeSaQ6v7LVvK6dSO52zDuEGDryvlPlw0XjB7LKyHFzXRsgg9DSGu3j88U/NoFQg==",
      "dev": true,
      "dependencies": {
        "is-relative-url": "^3.0.0",
        "isemail": "^3.2.0",
        "ms": "^2.1.3",
        "needle": "^3.0.0"
      }
    },
    "node_modules/lodash": {
      "version": "4.17.21",
      "resolved": "https://registry.npmjs.org/lodash/-/lodash-4.17.21.tgz",
      "integrity": "sha512-v2kDEe57lecTulaDIuNTPy3Ry4gLGJ6Z1O3vE1krgXZNrsQ+LFTGHVxVjcXPs17LhbZVGedAJv8XZ1tvj5FvSg==",
      "dev": true
    },
    "node_modules/markdown-link-check": {
      "version": "3.9.0",
      "resolved": "https://registry.npmjs.org/markdown-link-check/-/markdown-link-check-3.9.0.tgz",
      "integrity": "sha512-Vo5vOc7jL1yproWT8AVxazr8rsd0HTJb00W1Qj4qV/Iff8A8Zww709/aNi0FypnOeJNoN523z2fQF1M0Z02BPA==",
      "dev": true,
      "dependencies": {
        "async": "^3.2.2",
        "chalk": "^4.1.2",
        "commander": "^6.2.0",
        "link-check": "^5.0.1",
        "lodash": "^4.17.21",
        "markdown-link-extractor": "^1.3.0",
        "needle": "^3.0.0",
        "progress": "^2.0.3"
      },
      "bin": {
        "markdown-link-check": "markdown-link-check"
      }
    },
    "node_modules/markdown-link-extractor": {
      "version": "1.3.0",
      "resolved": "https://registry.npmjs.org/markdown-link-extractor/-/markdown-link-extractor-1.3.0.tgz",
      "integrity": "sha512-1qXoYqhsU5qgWtUF9HQlBF82jRrakENh+7nmPUxoMJw13kf92jzb72EchrSsw5vdqbDLJurkpNL50xLFRhjmbw==",
      "dev": true,
      "dependencies": {
        "marked": "^2.0.5"
      }
    },
    "node_modules/marked": {
      "version": "2.1.3",
      "resolved": "https://registry.npmjs.org/marked/-/marked-2.1.3.tgz",
      "integrity": "sha512-/Q+7MGzaETqifOMWYEA7HVMaZb4XbcRfaOzcSsHZEith83KGlvaSG33u0SKu89Mj5h+T8V2hM+8O45Qc5XTgwA==",
      "dev": true,
      "bin": {
        "marked": "bin/marked"
      },
      "engines": {
        "node": ">= 10"
      }
    },
    "node_modules/ms": {
      "version": "2.1.3",
      "resolved": "https://registry.npmjs.org/ms/-/ms-2.1.3.tgz",
      "integrity": "sha512-6FlzubTLZG3J2a/NVCAleEhjzq5oxgHyaCU9yYXvcLsvoVaHJq/s5xXI6/XXP6tz7R9xAOtHnSO/tXtF3WRTlA==",
      "dev": true
    },
    "node_modules/needle": {
      "version": "3.0.0",
      "resolved": "https://registry.npmjs.org/needle/-/needle-3.0.0.tgz",
      "integrity": "sha512-eGr0qnfHxAjr+Eptl1zr2lgUQUPC1SZfTkg2kFi0kxr1ChJonHUVYobkug8siBKMlyUVVp56MSkp6CSeXH/jgw==",
      "dev": true,
      "dependencies": {
        "debug": "^3.2.6",
        "iconv-lite": "^0.4.4",
        "sax": "^1.2.4"
      },
      "bin": {
        "needle": "bin/needle"
      },
      "engines": {
        "node": ">= 4.4.x"
      }
    },
    "node_modules/progress": {
      "version": "2.0.3",
      "resolved": "https://registry.npmjs.org/progress/-/progress-2.0.3.tgz",
      "integrity": "sha512-7PiHtLll5LdnKIMw100I+8xJXR5gW2QwWYkT6iJva0bXitZKa/XMrSbdmg3r2Xnaidz9Qumd0VPaMrZlF9V9sA==",
      "dev": true,
      "engines": {
        "node": ">=0.4.0"
      }
    },
    "node_modules/punycode": {
      "version": "2.1.1",
      "resolved": "https://registry.npmjs.org/punycode/-/punycode-2.1.1.tgz",
      "integrity": "sha512-XRsRjdf+j5ml+y/6GKHPZbrF/8p2Yga0JPtdqTIY2Xe5ohJPD9saDJJLPvp9+NSBprVvevdXZybnj2cv8OEd0A==",
      "dev": true,
      "engines": {
        "node": ">=6"
      }
    },
    "node_modules/safer-buffer": {
      "version": "2.1.2",
      "resolved": "https://registry.npmjs.org/safer-buffer/-/safer-buffer-2.1.2.tgz",
      "integrity": "sha512-YZo3K82SD7Riyi0E1EQPojLz7kpepnSQI9IyPbHHg1XXXevb5dJI7tpyN2ADxGcQbHG7vcyRHk0cbwqcQriUtg==",
      "dev": true
    },
    "node_modules/sax": {
      "version": "1.2.4",
      "resolved": "https://registry.npmjs.org/sax/-/sax-1.2.4.tgz",
      "integrity": "sha512-NqVDv9TpANUjFm0N8uM5GxL36UgKi9/atZw+x7YFnQ8ckwFGKrl4xX4yWtrey3UJm5nP1kUbnYgLopqWNSRhWw==",
      "dev": true
    },
    "node_modules/supports-color": {
      "version": "7.2.0",
      "resolved": "https://registry.npmjs.org/supports-color/-/supports-color-7.2.0.tgz",
      "integrity": "sha512-qpCAvRl9stuOHveKsn7HncJRvv501qIacKzQlO/+Lwxc9+0q2wLyv4Dfvt80/DPn2pqOBsJdDiogXGR9+OvwRw==",
      "dev": true,
      "dependencies": {
        "has-flag": "^4.0.0"
      },
      "engines": {
        "node": ">=8"
      }
    }
  },
  "dependencies": {
    "ansi-styles": {
      "version": "4.3.0",
      "resolved": "https://registry.npmjs.org/ansi-styles/-/ansi-styles-4.3.0.tgz",
      "integrity": "sha512-zbB9rCJAT1rbjiVDb2hqKFHNYLxgtk8NURxZ3IZwD3F6NtxbXZQCnnSi1Lkx+IDohdPlFp222wVALIheZJQSEg==",
      "dev": true,
      "requires": {
        "color-convert": "^2.0.1"
      }
    },
    "async": {
      "version": "3.2.2",
      "resolved": "https://registry.npmjs.org/async/-/async-3.2.2.tgz",
      "integrity": "sha512-H0E+qZaDEfx/FY4t7iLRv1W2fFI6+pyCeTw1uN20AQPiwqwM6ojPxHxdLv4z8hi2DtnW9BOckSspLucW7pIE5g==",
      "dev": true
    },
    "chalk": {
      "version": "4.1.2",
      "resolved": "https://registry.npmjs.org/chalk/-/chalk-4.1.2.tgz",
      "integrity": "sha512-oKnbhFyRIXpUuez8iBMmyEa4nbj4IOQyuhc/wy9kY7/WVPcwIO9VA668Pu8RkO7+0G76SLROeyw9CpQ061i4mA==",
      "dev": true,
      "requires": {
        "ansi-styles": "^4.1.0",
        "supports-color": "^7.1.0"
      }
    },
    "color-convert": {
      "version": "2.0.1",
      "resolved": "https://registry.npmjs.org/color-convert/-/color-convert-2.0.1.tgz",
      "integrity": "sha512-RRECPsj7iu/xb5oKYcsFHSppFNnsj/52OVTRKb4zP5onXwVF3zVmmToNcOfGC+CRDpfK/U584fMg38ZHCaElKQ==",
      "dev": true,
      "requires": {
        "color-name": "~1.1.4"
      }
    },
    "color-name": {
      "version": "1.1.4",
      "resolved": "https://registry.npmjs.org/color-name/-/color-name-1.1.4.tgz",
      "integrity": "sha512-dOy+3AuW3a2wNbZHIuMZpTcgjGuLU/uBL/ubcZF9OXbDo8ff4O8yVp5Bf0efS8uEoYo5q4Fx7dY9OgQGXgAsQA==",
      "dev": true
    },
    "commander": {
      "version": "6.2.1",
      "resolved": "https://registry.npmjs.org/commander/-/commander-6.2.1.tgz",
      "integrity": "sha512-U7VdrJFnJgo4xjrHpTzu0yrHPGImdsmD95ZlgYSEajAn2JKzDhDTPG9kBTefmObL2w/ngeZnilk+OV9CG3d7UA==",
      "dev": true
    },
    "debug": {
      "version": "3.2.7",
      "resolved": "https://registry.npmjs.org/debug/-/debug-3.2.7.tgz",
      "integrity": "sha512-CFjzYYAi4ThfiQvizrFQevTTXHtnCqWfe7x1AhgEscTz6ZbLbfoLRLPugTQyBth6f8ZERVUSyWHFD/7Wu4t1XQ==",
      "dev": true,
      "requires": {
        "ms": "^2.1.1"
      }
    },
    "has-flag": {
      "version": "4.0.0",
      "resolved": "https://registry.npmjs.org/has-flag/-/has-flag-4.0.0.tgz",
      "integrity": "sha512-EykJT/Q1KjTWctppgIAgfSO0tKVuZUjhgMr17kqTumMl6Afv3EISleU7qZUzoXDFTAHTDC4NOoG/ZxU3EvlMPQ==",
      "dev": true
    },
    "iconv-lite": {
      "version": "0.4.24",
      "resolved": "https://registry.npmjs.org/iconv-lite/-/iconv-lite-0.4.24.tgz",
      "integrity": "sha512-v3MXnZAcvnywkTUEZomIActle7RXXeedOR31wwl7VlyoXO4Qi9arvSenNQWne1TcRwhCL1HwLI21bEqdpj8/rA==",
      "dev": true,
      "requires": {
        "safer-buffer": ">= 2.1.2 < 3"
      }
    },
    "is-absolute-url": {
      "version": "3.0.3",
      "resolved": "https://registry.npmjs.org/is-absolute-url/-/is-absolute-url-3.0.3.tgz",
      "integrity": "sha512-opmNIX7uFnS96NtPmhWQgQx6/NYFgsUXYMllcfzwWKUMwfo8kku1TvE6hkNcH+Q1ts5cMVrsY7j0bxXQDciu9Q==",
      "dev": true
    },
    "is-relative-url": {
      "version": "3.0.0",
      "resolved": "https://registry.npmjs.org/is-relative-url/-/is-relative-url-3.0.0.tgz",
      "integrity": "sha512-U1iSYRlY2GIMGuZx7gezlB5dp1Kheaym7zKzO1PV06mOihiWTXejLwm4poEJysPyXF+HtK/BEd0DVlcCh30pEA==",
      "dev": true,
      "requires": {
        "is-absolute-url": "^3.0.0"
      }
    },
    "isemail": {
      "version": "3.2.0",
      "resolved": "https://registry.npmjs.org/isemail/-/isemail-3.2.0.tgz",
      "integrity": "sha512-zKqkK+O+dGqevc93KNsbZ/TqTUFd46MwWjYOoMrjIMZ51eU7DtQG3Wmd9SQQT7i7RVnuTPEiYEWHU3MSbxC1Tg==",
      "dev": true,
      "requires": {
        "punycode": "2.x.x"
      }
    },
    "link-check": {
      "version": "5.0.1",
      "resolved": "https://registry.npmjs.org/link-check/-/link-check-5.0.1.tgz",
      "integrity": "sha512-SAPnWm0XYp6cke1ho9DieUJGeSaQ6v7LVvK6dSO52zDuEGDryvlPlw0XjB7LKyHFzXRsgg9DSGu3j88U/NoFQg==",
      "dev": true,
      "requires": {
        "is-relative-url": "^3.0.0",
        "isemail": "^3.2.0",
        "ms": "^2.1.3",
        "needle": "^3.0.0"
      }
    },
    "lodash": {
      "version": "4.17.21",
      "resolved": "https://registry.npmjs.org/lodash/-/lodash-4.17.21.tgz",
      "integrity": "sha512-v2kDEe57lecTulaDIuNTPy3Ry4gLGJ6Z1O3vE1krgXZNrsQ+LFTGHVxVjcXPs17LhbZVGedAJv8XZ1tvj5FvSg==",
      "dev": true
    },
    "markdown-link-check": {
      "version": "3.9.0",
      "resolved": "https://registry.npmjs.org/markdown-link-check/-/markdown-link-check-3.9.0.tgz",
      "integrity": "sha512-Vo5vOc7jL1yproWT8AVxazr8rsd0HTJb00W1Qj4qV/Iff8A8Zww709/aNi0FypnOeJNoN523z2fQF1M0Z02BPA==",
      "dev": true,
      "requires": {
        "async": "^3.2.2",
        "chalk": "^4.1.2",
        "commander": "^6.2.0",
        "link-check": "^5.0.1",
        "lodash": "^4.17.21",
        "markdown-link-extractor": "^1.3.0",
        "needle": "^3.0.0",
        "progress": "^2.0.3"
      }
    },
    "markdown-link-extractor": {
      "version": "1.3.0",
      "resolved": "https://registry.npmjs.org/markdown-link-extractor/-/markdown-link-extractor-1.3.0.tgz",
      "integrity": "sha512-1qXoYqhsU5qgWtUF9HQlBF82jRrakENh+7nmPUxoMJw13kf92jzb72EchrSsw5vdqbDLJurkpNL50xLFRhjmbw==",
      "dev": true,
      "requires": {
        "marked": "^2.0.5"
      }
    },
    "marked": {
      "version": "2.1.3",
      "resolved": "https://registry.npmjs.org/marked/-/marked-2.1.3.tgz",
      "integrity": "sha512-/Q+7MGzaETqifOMWYEA7HVMaZb4XbcRfaOzcSsHZEith83KGlvaSG33u0SKu89Mj5h+T8V2hM+8O45Qc5XTgwA==",
      "dev": true
    },
    "ms": {
      "version": "2.1.3",
      "resolved": "https://registry.npmjs.org/ms/-/ms-2.1.3.tgz",
      "integrity": "sha512-6FlzubTLZG3J2a/NVCAleEhjzq5oxgHyaCU9yYXvcLsvoVaHJq/s5xXI6/XXP6tz7R9xAOtHnSO/tXtF3WRTlA==",
      "dev": true
    },
    "needle": {
      "version": "3.0.0",
      "resolved": "https://registry.npmjs.org/needle/-/needle-3.0.0.tgz",
      "integrity": "sha512-eGr0qnfHxAjr+Eptl1zr2lgUQUPC1SZfTkg2kFi0kxr1ChJonHUVYobkug8siBKMlyUVVp56MSkp6CSeXH/jgw==",
      "dev": true,
      "requires": {
        "debug": "^3.2.6",
        "iconv-lite": "^0.4.4",
        "sax": "^1.2.4"
      }
    },
    "progress": {
      "version": "2.0.3",
      "resolved": "https://registry.npmjs.org/progress/-/progress-2.0.3.tgz",
      "integrity": "sha512-7PiHtLll5LdnKIMw100I+8xJXR5gW2QwWYkT6iJva0bXitZKa/XMrSbdmg3r2Xnaidz9Qumd0VPaMrZlF9V9sA==",
      "dev": true
    },
    "punycode": {
      "version": "2.1.1",
      "resolved": "https://registry.npmjs.org/punycode/-/punycode-2.1.1.tgz",
      "integrity": "sha512-XRsRjdf+j5ml+y/6GKHPZbrF/8p2Yga0JPtdqTIY2Xe5ohJPD9saDJJLPvp9+NSBprVvevdXZybnj2cv8OEd0A==",
      "dev": true
    },
    "safer-buffer": {
      "version": "2.1.2",
      "resolved": "https://registry.npmjs.org/safer-buffer/-/safer-buffer-2.1.2.tgz",
      "integrity": "sha512-YZo3K82SD7Riyi0E1EQPojLz7kpepnSQI9IyPbHHg1XXXevb5dJI7tpyN2ADxGcQbHG7vcyRHk0cbwqcQriUtg==",
      "dev": true
    },
    "sax": {
      "version": "1.2.4",
      "resolved": "https://registry.npmjs.org/sax/-/sax-1.2.4.tgz",
      "integrity": "sha512-NqVDv9TpANUjFm0N8uM5GxL36UgKi9/atZw+x7YFnQ8ckwFGKrl4xX4yWtrey3UJm5nP1kUbnYgLopqWNSRhWw==",
      "dev": true
    },
    "supports-color": {
      "version": "7.2.0",
      "resolved": "https://registry.npmjs.org/supports-color/-/supports-color-7.2.0.tgz",
      "integrity": "sha512-qpCAvRl9stuOHveKsn7HncJRvv501qIacKzQlO/+Lwxc9+0q2wLyv4Dfvt80/DPn2pqOBsJdDiogXGR9+OvwRw==",
      "dev": true,
      "requires": {
        "has-flag": "^4.0.0"
      }
    }
  }
}
